
Microsoft Visual Studio Solution File, Format Version 12.00
# Visual Studio Version 17
Project("{2150E333-8FDC-42A3-9474-1A3956D46DE8}") = "CMakePredefinedTargets", "CMakePredefinedTargets", "{097831C5-B685-3B4D-9DFC-F7C72594E18D}"
EndProject
Project("{8BC9CEB8-8B4A-11D0-8D11-00A0C91BC942}") = "ALL_BUILD", "ALL_BUILD.vcxproj", "{D4F937ED-D8D2-3463-A6A5-B5F7DD481651}"
	ProjectSection(ProjectDependencies) = postProject
		{1F2F0234-C36D-3C82-8D95-F6CF5188A7A0} = {1F2F0234-C36D-3C82-8D95-F6CF5188A7A0}
		{AA72A23A-1ED8-3663-9021-E342822260DE} = {AA72A23A-1ED8-3663-9021-E342822260DE}
	EndProjectSection
EndProject
Project("{8BC9CEB8-8B4A-11D0-8D11-00A0C91BC942}") = "INSTALL", "INSTALL.vcxproj", "{3D4FEDDB-0CA7-3993-B78F-2840C23BD4CB}"
	ProjectSection(ProjectDependencies) = postProject
		{D4F937ED-D8D2-3463-A6A5-B5F7DD481651} = {D4F937ED-D8D2-3463-A6A5-B5F7DD481651}
		{1F2F0234-C36D-3C82-8D95-F6CF5188A7A0} = {1F2F0234-C36D-3C82-8D95-F6CF5188A7A0}
	EndProjectSection
EndProject
Project("{8BC9CEB8-8B4A-11D0-8D11-00A0C91BC942}") = "PACKAGE", "PACKAGE.vcxproj", "{E05A4818-088E-3D6D-B7DA-D63F8BEAFB35}"
	ProjectSection(ProjectDependencies) = postProject
		{D4F937ED-D8D2-3463-A6A5-B5F7DD481651} = {D4F937ED-D8D2-3463-A6A5-B5F7DD481651}
		{1F2F0234-C36D-3C82-8D95-F6CF5188A7A0} = {1F2F0234-C36D-3C82-8D95-F6CF5188A7A0}
	EndProjectSection
EndProject
Project("{8BC9CEB8-8B4A-11D0-8D11-00A0C91BC942}") = "RUN_TESTS", "RUN_TESTS.vcxproj", "{288465E3-9E85-315C-8A41-A85B89E68ED4}"
	ProjectSection(ProjectDependencies) = postProject
		{1F2F0234-C36D-3C82-8D95-F6CF5188A7A0} = {1F2F0234-C36D-3C82-8D95-F6CF5188A7A0}
	EndProjectSection
EndProject
Project("{8BC9CEB8-8B4A-11D0-8D11-00A0C91BC942}") = "ZERO_CHECK", "ZERO_CHECK.vcxproj", "{1F2F0234-C36D-3C82-8D95-F6CF5188A7A0}"
	ProjectSection(ProjectDependencies) = postProject
	EndProjectSection
EndProject
Project("{8BC9CEB8-8B4A-11D0-8D11-00A0C91BC942}") = "main", "main.vcxproj", "{AA72A23A-1ED8-3663-9021-E342822260DE}"
	ProjectSection(ProjectDependencies) = postProject
		{1F2F0234-C36D-3C82-8D95-F6CF5188A7A0} = {1F2F0234-C36D-3C82-8D95-F6CF5188A7A0}
	EndProjectSection
EndProject
Global
	GlobalSection(SolutionConfigurationPlatforms) = preSolution
		Debug|x64 = Debug|x64
		Release|x64 = Release|x64
		MinSizeRel|x64 = MinSizeRel|x64
		RelWithDebInfo|x64 = RelWithDebInfo|x64
	EndGlobalSection
	GlobalSection(ProjectConfigurationPlatforms) = postSolution
		{D4F937ED-D8D2-3463-A6A5-B5F7DD481651}.Debug|x64.ActiveCfg = Debug|x64
		{D4F937ED-D8D2-3463-A6A5-B5F7DD481651}.Debug|x64.Build.0 = Debug|x64
		{D4F937ED-D8D2-3463-A6A5-B5F7DD481651}.Release|x64.ActiveCfg = Release|x64
		{D4F937ED-D8D2-3463-A6A5-B5F7DD481651}.Release|x64.Build.0 = Release|x64
		{D4F937ED-D8D2-3463-A6A5-B5F7DD481651}.MinSizeRel|x64.ActiveCfg = MinSizeRel|x64
		{D4F937ED-D8D2-3463-A6A5-B5F7DD481651}.MinSizeRel|x64.Build.0 = MinSizeRel|x64
		{D4F937ED-D8D2-3463-A6A5-B5F7DD481651}.RelWithDebInfo|x64.ActiveCfg = RelWithDebInfo|x64
		{D4F937ED-D8D2-3463-A6A5-B5F7DD481651}.RelWithDebInfo|x64.Build.0 = RelWithDebInfo|x64
		{3D4FEDDB-0CA7-3993-B78F-2840C23BD4CB}.Debug|x64.ActiveCfg = Debug|x64
		{3D4FEDDB-0CA7-3993-B78F-2840C23BD4CB}.Release|x64.ActiveCfg = Release|x64
		{3D4FEDDB-0CA7-3993-B78F-2840C23BD4CB}.MinSizeRel|x64.ActiveCfg = MinSizeRel|x64
		{3D4FEDDB-0CA7-3993-B78F-2840C23BD4CB}.RelWithDebInfo|x64.ActiveCfg = RelWithDebInfo|x64
		{E05A4818-088E-3D6D-B7DA-D63F8BEAFB35}.Debug|x64.ActiveCfg = Debug|x64
		{E05A4818-088E-3D6D-B7DA-D63F8BEAFB35}.Release|x64.ActiveCfg = Release|x64
		{E05A4818-088E-3D6D-B7DA-D63F8BEAFB35}.MinSizeRel|x64.ActiveCfg = MinSizeRel|x64
		{E05A4818-088E-3D6D-B7DA-D63F8BEAFB35}.RelWithDebInfo|x64.ActiveCfg = RelWithDebInfo|x64
		{288465E3-9E85-315C-8A41-A85B89E68ED4}.Debug|x64.ActiveCfg = Debug|x64
		{288465E3-9E85-315C-8A41-A85B89E68ED4}.Release|x64.ActiveCfg = Release|x64
		{288465E3-9E85-315C-8A41-A85B89E68ED4}.MinSizeRel|x64.ActiveCfg = MinSizeRel|x64
		{288465E3-9E85-315C-8A41-A85B89E68ED4}.RelWithDebInfo|x64.ActiveCfg = RelWithDebInfo|x64
		{1F2F0234-C36D-3C82-8D95-F6CF5188A7A0}.Debug|x64.ActiveCfg = Debug|x64
		{1F2F0234-C36D-3C82-8D95-F6CF5188A7A0}.Debug|x64.Build.0 = Debug|x64
		{1F2F0234-C36D-3C82-8D95-F6CF5188A7A0}.Release|x64.ActiveCfg = Release|x64
		{1F2F0234-C36D-3C82-8D95-F6CF5188A7A0}.Release|x64.Build.0 = Release|x64
		{1F2F0234-C36D-3C82-8D95-F6CF5188A7A0}.MinSizeRel|x64.ActiveCfg = MinSizeRel|x64
		{1F2F0234-C36D-3C82-8D95-F6CF5188A7A0}.MinSizeRel|x64.Build.0 = MinSizeRel|x64
		{1F2F0234-C36D-3C82-8D95-F6CF5188A7A0}.RelWithDebInfo|x64.ActiveCfg = RelWithDebInfo|x64
		{1F2F0234-C36D-3C82-8D95-F6CF5188A7A0}.RelWithDebInfo|x64.Build.0 = RelWithDebInfo|x64
		{AA72A23A-1ED8-3663-9021-E342822260DE}.Debug|x64.ActiveCfg = Debug|x64
		{AA72A23A-1ED8-3663-9021-E342822260DE}.Debug|x64.Build.0 = Debug|x64
		{AA72A23A-1ED8-3663-9021-E342822260DE}.Release|x64.ActiveCfg = Release|x64
		{AA72A23A-1ED8-3663-9021-E342822260DE}.Release|x64.Build.0 = Release|x64
		{AA72A23A-1ED8-3663-9021-E342822260DE}.MinSizeRel|x64.ActiveCfg = MinSizeRel|x64
		{AA72A23A-1ED8-3663-9021-E342822260DE}.MinSizeRel|x64.Build.0 = MinSizeRel|x64
		{AA72A23A-1ED8-3663-9021-E342822260DE}.RelWithDebInfo|x64.ActiveCfg = RelWithDebInfo|x64
		{AA72A23A-1ED8-3663-9021-E342822260DE}.RelWithDebInfo|x64.Build.0 = RelWithDebInfo|x64
	EndGlobalSection
	GlobalSection(NestedProjects) = preSolution
		{D4F937ED-D8D2-3463-A6A5-B5F7DD481651} = {097831C5-B685-3B4D-9DFC-F7C72594E18D}
		{3D4FEDDB-0CA7-3993-B78F-2840C23BD4CB} = {097831C5-B685-3B4D-9DFC-F7C72594E18D}
		{E05A4818-088E-3D6D-B7DA-D63F8BEAFB35} = {097831C5-B685-3B4D-9DFC-F7C72594E18D}
		{288465E3-9E85-315C-8A41-A85B89E68ED4} = {097831C5-B685-3B4D-9DFC-F7C72594E18D}
		{1F2F0234-C36D-3C82-8D95-F6CF5188A7A0} = {097831C5-B685-3B4D-9DFC-F7C72594E18D}
	EndGlobalSection
	GlobalSection(ExtensibilityGlobals) = postSolution
		SolutionGuid = {BAEE51A5-5110-3860-9E11-13383381B1B7}
	EndGlobalSection
	GlobalSection(ExtensibilityAddIns) = postSolution
	EndGlobalSection
EndGlobal
